
Microsoft Visual Studio Solution File, Format Version 12.00
# Visual Studio Version 17
VisualStudioVersion = 17.2.32630.192
MinimumVisualStudioVersion = 10.0.40219.1
Project("{FAE04EC0-301F-11D3-BF4B-00C04F79EFBC}") = "Car Race Game", "Car Race Game\Car Race Game.csproj", "{8DF8E938-5D5A-43FD-84D8-F75BC541D1A4}"
EndProject
Global
	GlobalSection(SolutionConfigurationPlatforms) = preSolution
		Debug|Any CPU = Debug|Any CPU
		Release|Any CPU = Release|Any CPU
	EndGlobalSection
	GlobalSection(ProjectConfigurationPlatforms) = postSolution
		{8DF8E938-5D5A-43FD-84D8-F75BC541D1A4}.Debug|Any CPU.ActiveCfg = Debug|Any CPU
		{8DF8E938-5D5A-43FD-84D8-F75BC541D1A4}.Debug|Any CPU.Build.0 = Debug|Any CPU
		{8DF8E938-5D5A-43FD-84D8-F75BC541D1A4}.Release|Any CPU.ActiveCfg = Release|Any CPU
		{8DF8E938-5D5A-43FD-84D8-F75BC541D1A4}.Release|Any CPU.Build.0 = Release|Any CPU
	EndGlobalSection
	GlobalSection(SolutionProperties) = preSolution
		HideSolutionNode = FALSE
	EndGlobalSection
	GlobalSection(ExtensibilityGlobals) = postSolution
		SolutionGuid = {59C2D3A9-5219-49B9-A55B-CE9D192F8433}
	EndGlobalSection
EndGlobal
